
Microsoft Visual Studio Solution File, Format Version 12.00
# Visual Studio 2013
VisualStudioVersion = 12.0.30110.0
MinimumVisualStudioVersion = 10.0.40219.1
Project("{FAE04EC0-301F-11D3-BF4B-00C04F79EFBC}") = "01. CoordinateSystem", "CoordinateSystem\01. CoordinateSystem.csproj", "{13968928-3FF5-4F49-80DC-92D802EF9D34}"
EndProject
Project("{FAE04EC0-301F-11D3-BF4B-00C04F79EFBC}") = "01. MathExpression", "MathExpression\01. MathExpression.csproj", "{96D5D04D-E330-40FB-B522-1EB136AF5DF9}"
EndProject
Project("{FAE04EC0-301F-11D3-BF4B-00C04F79EFBC}") = "01. Garden", "Garden\01. Garden.csproj", "{1E2D2767-90CB-4008-BE2A-3CF651609E39}"
EndProject
Project("{FAE04EC0-301F-11D3-BF4B-00C04F79EFBC}") = "01. ShipDamage", "ShipDamage\01. ShipDamage.csproj", "{36FD04B5-88BA-4CBD-8103-3A383A4A4AAA}"
EndProject
Project("{FAE04EC0-301F-11D3-BF4B-00C04F79EFBC}") = "01. FighterAttack", "FighterAttack\01. FighterAttack.csproj", "{F870A8B5-91C9-4934-B267-58FC92A75E25}"
EndProject
Project("{FAE04EC0-301F-11D3-BF4B-00C04F79EFBC}") = "02. Tribonacci", "Tribonacci\02. Tribonacci.csproj", "{FAAD0F34-9CF9-452D-B9CB-77C300DC0ADE}"
EndProject
Project("{FAE04EC0-301F-11D3-BF4B-00C04F79EFBC}") = "02. MissCat", "MissCat\02. MissCat.csproj", "{F420A4AC-F618-4A5A-BFD2-72C199D36C7D}"
EndProject
Project("{FAE04EC0-301F-11D3-BF4B-00C04F79EFBC}") = "04. Fire", "Fire\04. Fire.csproj", "{7311ED08-A15F-4AD6-8A54-70632DF25FFA}"
EndProject
Project("{FAE04EC0-301F-11D3-BF4B-00C04F79EFBC}") = "03. CardWars", "CardWars\03. CardWars.csproj", "{B55C2FE3-FCF5-42D5-9342-B595ABA2E628}"
EndProject
Project("{FAE04EC0-301F-11D3-BF4B-00C04F79EFBC}") = "03. ForestRoad", "ForestRoad\03. ForestRoad.csproj", "{C69EEAF2-EEC0-431F-A618-B7E7D594A103}"
EndProject
Project("{FAE04EC0-301F-11D3-BF4B-00C04F79EFBC}") = "03. FirTree", "FirTree\03. FirTree.csproj", "{B5EC19BB-50F1-4F05-8783-D1F1C9430C2E}"
EndProject
Project("{FAE04EC0-301F-11D3-BF4B-00C04F79EFBC}") = "02. LeastMajorityMultiple", "LeastMajorityMultiple\02. LeastMajorityMultiple.csproj", "{23BE33F9-F163-4AA2-8C40-7FA43ABE6070}"
EndProject
Project("{FAE04EC0-301F-11D3-BF4B-00C04F79EFBC}") = "02. AstrologicalDigits", "AstrologicalDigits\02. AstrologicalDigits.csproj", "{5E7F16B0-3EC2-4477-ACE4-BC0BBE6C433E}"
EndProject
Project("{FAE04EC0-301F-11D3-BF4B-00C04F79EFBC}") = "02. Quadronacci", "Quadronacci\02. Quadronacci.csproj", "{7196461C-1491-4D3D-ACB8-0C6DA28091EE}"
EndProject
Project("{FAE04EC0-301F-11D3-BF4B-00C04F79EFBC}") = "01. SevenlandNumbers", "SevenlandNumbers\01. SevenlandNumbers.csproj", "{DC688A9C-5BD2-4561-98E4-AECDB10C4F68}"
EndProject
Project("{FAE04EC0-301F-11D3-BF4B-00C04F79EFBC}") = "TestStuff", "TestStuff\TestStuff.csproj", "{52B366F6-4667-4434-8258-C3CC8BB78B42}"
EndProject
Project("{FAE04EC0-301F-11D3-BF4B-00C04F79EFBC}") = "01. NextDate", "NextDate\01. NextDate.csproj", "{EEC68CED-2E76-490B-BDBD-367A64B42D8C}"
EndProject
Project("{FAE04EC0-301F-11D3-BF4B-00C04F79EFBC}") = "05. FallDown", "FallDown\05. FallDown.csproj", "{615F257A-521A-4470-8780-27ED684821F8}"
EndProject
Project("{FAE04EC0-301F-11D3-BF4B-00C04F79EFBC}") = "01. TripleRotation", "TripleRotation\01. TripleRotation.csproj", "{F6C33087-57DE-4985-9258-729BB0B39CAB}"
EndProject
Project("{FAE04EC0-301F-11D3-BF4B-00C04F79EFBC}") = "04. KaspichaniaBoats", "KaspichaniaBoats\04. KaspichaniaBoats.csproj", "{4C81407B-5A05-4EAB-B185-367D580BB754}"
EndProject
Project("{FAE04EC0-301F-11D3-BF4B-00C04F79EFBC}") = "02. NightmareOnCodeStreet", "NightmareOnCodeStreet\02. NightmareOnCodeStreet.csproj", "{A0AAE27C-84C4-4DC1-806C-6CCE0AC4D8B4}"
EndProject
Project("{FAE04EC0-301F-11D3-BF4B-00C04F79EFBC}") = "01. 248", "248\01. 248.csproj", "{78994E2A-8288-4474-ADD7-70073274243D}"
EndProject
Project("{FAE04EC0-301F-11D3-BF4B-00C04F79EFBC}") = "01. CoffeeMachine", "CoffeeMachine\01. CoffeeMachine.csproj", "{19D9A098-83F4-44C6-A46D-1DA173CB6A9A}"
EndProject
Project("{FAE04EC0-301F-11D3-BF4B-00C04F79EFBC}") = "02. ApplesOrOranges", "ApplesOrOranges\02. ApplesOrOranges.csproj", "{404585BF-599F-4CC0-9D6C-CBC682F6FEAC}"
EndProject
Project("{FAE04EC0-301F-11D3-BF4B-00C04F79EFBC}") = "04. EasterMister", "EasterMister\04. EasterMister.csproj", "{4039EC4A-8276-42E1-8944-88AAEB99A88F}"
EndProject
Project("{FAE04EC0-301F-11D3-BF4B-00C04F79EFBC}") = "01. PeaceOfCake", "PeaceOfCake\01. PeaceOfCake.csproj", "{71678C43-D66A-44F5-A3D5-9ABD18A1F0A1}"
EndProject
Project("{FAE04EC0-301F-11D3-BF4B-00C04F79EFBC}") = "03. OnesAndZeroes", "OnesAndZeroes\03. OnesAndZeroes.csproj", "{D14CDBC5-F980-4731-B5F7-FECF99CD81EE}"
EndProject
Project("{FAE04EC0-301F-11D3-BF4B-00C04F79EFBC}") = "boats", "boats\boats.csproj", "{FD2B58A9-F720-40DE-BDF3-1C5AD69C5E37}"
EndProject
Global
	GlobalSection(SolutionConfigurationPlatforms) = preSolution
		Debug|Any CPU = Debug|Any CPU
		Release|Any CPU = Release|Any CPU
	EndGlobalSection
	GlobalSection(ProjectConfigurationPlatforms) = postSolution
		{13968928-3FF5-4F49-80DC-92D802EF9D34}.Debug|Any CPU.ActiveCfg = Debug|Any CPU
		{13968928-3FF5-4F49-80DC-92D802EF9D34}.Debug|Any CPU.Build.0 = Debug|Any CPU
		{13968928-3FF5-4F49-80DC-92D802EF9D34}.Release|Any CPU.ActiveCfg = Release|Any CPU
		{13968928-3FF5-4F49-80DC-92D802EF9D34}.Release|Any CPU.Build.0 = Release|Any CPU
		{96D5D04D-E330-40FB-B522-1EB136AF5DF9}.Debug|Any CPU.ActiveCfg = Debug|Any CPU
		{96D5D04D-E330-40FB-B522-1EB136AF5DF9}.Debug|Any CPU.Build.0 = Debug|Any CPU
		{96D5D04D-E330-40FB-B522-1EB136AF5DF9}.Release|Any CPU.ActiveCfg = Release|Any CPU
		{96D5D04D-E330-40FB-B522-1EB136AF5DF9}.Release|Any CPU.Build.0 = Release|Any CPU
		{1E2D2767-90CB-4008-BE2A-3CF651609E39}.Debug|Any CPU.ActiveCfg = Debug|Any CPU
		{1E2D2767-90CB-4008-BE2A-3CF651609E39}.Debug|Any CPU.Build.0 = Debug|Any CPU
		{1E2D2767-90CB-4008-BE2A-3CF651609E39}.Release|Any CPU.ActiveCfg = Release|Any CPU
		{1E2D2767-90CB-4008-BE2A-3CF651609E39}.Release|Any CPU.Build.0 = Release|Any CPU
		{36FD04B5-88BA-4CBD-8103-3A383A4A4AAA}.Debug|Any CPU.ActiveCfg = Debug|Any CPU
		{36FD04B5-88BA-4CBD-8103-3A383A4A4AAA}.Debug|Any CPU.Build.0 = Debug|Any CPU
		{36FD04B5-88BA-4CBD-8103-3A383A4A4AAA}.Release|Any CPU.ActiveCfg = Release|Any CPU
		{36FD04B5-88BA-4CBD-8103-3A383A4A4AAA}.Release|Any CPU.Build.0 = Release|Any CPU
		{F870A8B5-91C9-4934-B267-58FC92A75E25}.Debug|Any CPU.ActiveCfg = Debug|Any CPU
		{F870A8B5-91C9-4934-B267-58FC92A75E25}.Debug|Any CPU.Build.0 = Debug|Any CPU
		{F870A8B5-91C9-4934-B267-58FC92A75E25}.Release|Any CPU.ActiveCfg = Release|Any CPU
		{F870A8B5-91C9-4934-B267-58FC92A75E25}.Release|Any CPU.Build.0 = Release|Any CPU
		{FAAD0F34-9CF9-452D-B9CB-77C300DC0ADE}.Debug|Any CPU.ActiveCfg = Debug|Any CPU
		{FAAD0F34-9CF9-452D-B9CB-77C300DC0ADE}.Debug|Any CPU.Build.0 = Debug|Any CPU
		{FAAD0F34-9CF9-452D-B9CB-77C300DC0ADE}.Release|Any CPU.ActiveCfg = Release|Any CPU
		{FAAD0F34-9CF9-452D-B9CB-77C300DC0ADE}.Release|Any CPU.Build.0 = Release|Any CPU
		{F420A4AC-F618-4A5A-BFD2-72C199D36C7D}.Debug|Any CPU.ActiveCfg = Debug|Any CPU
		{F420A4AC-F618-4A5A-BFD2-72C199D36C7D}.Debug|Any CPU.Build.0 = Debug|Any CPU
		{F420A4AC-F618-4A5A-BFD2-72C199D36C7D}.Release|Any CPU.ActiveCfg = Release|Any CPU
		{F420A4AC-F618-4A5A-BFD2-72C199D36C7D}.Release|Any CPU.Build.0 = Release|Any CPU
		{7311ED08-A15F-4AD6-8A54-70632DF25FFA}.Debug|Any CPU.ActiveCfg = Debug|Any CPU
		{7311ED08-A15F-4AD6-8A54-70632DF25FFA}.Debug|Any CPU.Build.0 = Debug|Any CPU
		{7311ED08-A15F-4AD6-8A54-70632DF25FFA}.Release|Any CPU.ActiveCfg = Release|Any CPU
		{7311ED08-A15F-4AD6-8A54-70632DF25FFA}.Release|Any CPU.Build.0 = Release|Any CPU
		{B55C2FE3-FCF5-42D5-9342-B595ABA2E628}.Debug|Any CPU.ActiveCfg = Debug|Any CPU
		{B55C2FE3-FCF5-42D5-9342-B595ABA2E628}.Debug|Any CPU.Build.0 = Debug|Any CPU
		{B55C2FE3-FCF5-42D5-9342-B595ABA2E628}.Release|Any CPU.ActiveCfg = Release|Any CPU
		{B55C2FE3-FCF5-42D5-9342-B595ABA2E628}.Release|Any CPU.Build.0 = Release|Any CPU
		{C69EEAF2-EEC0-431F-A618-B7E7D594A103}.Debug|Any CPU.ActiveCfg = Debug|Any CPU
		{C69EEAF2-EEC0-431F-A618-B7E7D594A103}.Debug|Any CPU.Build.0 = Debug|Any CPU
		{C69EEAF2-EEC0-431F-A618-B7E7D594A103}.Release|Any CPU.ActiveCfg = Release|Any CPU
		{C69EEAF2-EEC0-431F-A618-B7E7D594A103}.Release|Any CPU.Build.0 = Release|Any CPU
		{B5EC19BB-50F1-4F05-8783-D1F1C9430C2E}.Debug|Any CPU.ActiveCfg = Debug|Any CPU
		{B5EC19BB-50F1-4F05-8783-D1F1C9430C2E}.Debug|Any CPU.Build.0 = Debug|Any CPU
		{B5EC19BB-50F1-4F05-8783-D1F1C9430C2E}.Release|Any CPU.ActiveCfg = Release|Any CPU
		{B5EC19BB-50F1-4F05-8783-D1F1C9430C2E}.Release|Any CPU.Build.0 = Release|Any CPU
		{23BE33F9-F163-4AA2-8C40-7FA43ABE6070}.Debug|Any CPU.ActiveCfg = Debug|Any CPU
		{23BE33F9-F163-4AA2-8C40-7FA43ABE6070}.Debug|Any CPU.Build.0 = Debug|Any CPU
		{23BE33F9-F163-4AA2-8C40-7FA43ABE6070}.Release|Any CPU.ActiveCfg = Release|Any CPU
		{23BE33F9-F163-4AA2-8C40-7FA43ABE6070}.Release|Any CPU.Build.0 = Release|Any CPU
		{5E7F16B0-3EC2-4477-ACE4-BC0BBE6C433E}.Debug|Any CPU.ActiveCfg = Debug|Any CPU
		{5E7F16B0-3EC2-4477-ACE4-BC0BBE6C433E}.Debug|Any CPU.Build.0 = Debug|Any CPU
		{5E7F16B0-3EC2-4477-ACE4-BC0BBE6C433E}.Release|Any CPU.ActiveCfg = Release|Any CPU
		{5E7F16B0-3EC2-4477-ACE4-BC0BBE6C433E}.Release|Any CPU.Build.0 = Release|Any CPU
		{7196461C-1491-4D3D-ACB8-0C6DA28091EE}.Debug|Any CPU.ActiveCfg = Debug|Any CPU
		{7196461C-1491-4D3D-ACB8-0C6DA28091EE}.Debug|Any CPU.Build.0 = Debug|Any CPU
		{7196461C-1491-4D3D-ACB8-0C6DA28091EE}.Release|Any CPU.ActiveCfg = Release|Any CPU
		{7196461C-1491-4D3D-ACB8-0C6DA28091EE}.Release|Any CPU.Build.0 = Release|Any CPU
		{DC688A9C-5BD2-4561-98E4-AECDB10C4F68}.Debug|Any CPU.ActiveCfg = Debug|Any CPU
		{DC688A9C-5BD2-4561-98E4-AECDB10C4F68}.Debug|Any CPU.Build.0 = Debug|Any CPU
		{DC688A9C-5BD2-4561-98E4-AECDB10C4F68}.Release|Any CPU.ActiveCfg = Release|Any CPU
		{DC688A9C-5BD2-4561-98E4-AECDB10C4F68}.Release|Any CPU.Build.0 = Release|Any CPU
		{52B366F6-4667-4434-8258-C3CC8BB78B42}.Debug|Any CPU.ActiveCfg = Debug|Any CPU
		{52B366F6-4667-4434-8258-C3CC8BB78B42}.Debug|Any CPU.Build.0 = Debug|Any CPU
		{52B366F6-4667-4434-8258-C3CC8BB78B42}.Release|Any CPU.ActiveCfg = Release|Any CPU
		{52B366F6-4667-4434-8258-C3CC8BB78B42}.Release|Any CPU.Build.0 = Release|Any CPU
		{EEC68CED-2E76-490B-BDBD-367A64B42D8C}.Debug|Any CPU.ActiveCfg = Debug|Any CPU
		{EEC68CED-2E76-490B-BDBD-367A64B42D8C}.Debug|Any CPU.Build.0 = Debug|Any CPU
		{EEC68CED-2E76-490B-BDBD-367A64B42D8C}.Release|Any CPU.ActiveCfg = Release|Any CPU
		{EEC68CED-2E76-490B-BDBD-367A64B42D8C}.Release|Any CPU.Build.0 = Release|Any CPU
		{615F257A-521A-4470-8780-27ED684821F8}.Debug|Any CPU.ActiveCfg = Debug|Any CPU
		{615F257A-521A-4470-8780-27ED684821F8}.Debug|Any CPU.Build.0 = Debug|Any CPU
		{615F257A-521A-4470-8780-27ED684821F8}.Release|Any CPU.ActiveCfg = Release|Any CPU
		{615F257A-521A-4470-8780-27ED684821F8}.Release|Any CPU.Build.0 = Release|Any CPU
		{F6C33087-57DE-4985-9258-729BB0B39CAB}.Debug|Any CPU.ActiveCfg = Debug|Any CPU
		{F6C33087-57DE-4985-9258-729BB0B39CAB}.Debug|Any CPU.Build.0 = Debug|Any CPU
		{F6C33087-57DE-4985-9258-729BB0B39CAB}.Release|Any CPU.ActiveCfg = Release|Any CPU
		{F6C33087-57DE-4985-9258-729BB0B39CAB}.Release|Any CPU.Build.0 = Release|Any CPU
		{4C81407B-5A05-4EAB-B185-367D580BB754}.Debug|Any CPU.ActiveCfg = Debug|Any CPU
		{4C81407B-5A05-4EAB-B185-367D580BB754}.Debug|Any CPU.Build.0 = Debug|Any CPU
		{4C81407B-5A05-4EAB-B185-367D580BB754}.Release|Any CPU.ActiveCfg = Release|Any CPU
		{4C81407B-5A05-4EAB-B185-367D580BB754}.Release|Any CPU.Build.0 = Release|Any CPU
		{A0AAE27C-84C4-4DC1-806C-6CCE0AC4D8B4}.Debug|Any CPU.ActiveCfg = Debug|Any CPU
		{A0AAE27C-84C4-4DC1-806C-6CCE0AC4D8B4}.Debug|Any CPU.Build.0 = Debug|Any CPU
		{A0AAE27C-84C4-4DC1-806C-6CCE0AC4D8B4}.Release|Any CPU.ActiveCfg = Release|Any CPU
		{A0AAE27C-84C4-4DC1-806C-6CCE0AC4D8B4}.Release|Any CPU.Build.0 = Release|Any CPU
		{78994E2A-8288-4474-ADD7-70073274243D}.Debug|Any CPU.ActiveCfg = Debug|Any CPU
		{78994E2A-8288-4474-ADD7-70073274243D}.Debug|Any CPU.Build.0 = Debug|Any CPU
		{78994E2A-8288-4474-ADD7-70073274243D}.Release|Any CPU.ActiveCfg = Release|Any CPU
		{78994E2A-8288-4474-ADD7-70073274243D}.Release|Any CPU.Build.0 = Release|Any CPU
		{19D9A098-83F4-44C6-A46D-1DA173CB6A9A}.Debug|Any CPU.ActiveCfg = Debug|Any CPU
		{19D9A098-83F4-44C6-A46D-1DA173CB6A9A}.Debug|Any CPU.Build.0 = Debug|Any CPU
		{19D9A098-83F4-44C6-A46D-1DA173CB6A9A}.Release|Any CPU.ActiveCfg = Release|Any CPU
		{19D9A098-83F4-44C6-A46D-1DA173CB6A9A}.Release|Any CPU.Build.0 = Release|Any CPU
		{404585BF-599F-4CC0-9D6C-CBC682F6FEAC}.Debug|Any CPU.ActiveCfg = Debug|Any CPU
		{404585BF-599F-4CC0-9D6C-CBC682F6FEAC}.Debug|Any CPU.Build.0 = Debug|Any CPU
		{404585BF-599F-4CC0-9D6C-CBC682F6FEAC}.Release|Any CPU.ActiveCfg = Release|Any CPU
		{404585BF-599F-4CC0-9D6C-CBC682F6FEAC}.Release|Any CPU.Build.0 = Release|Any CPU
		{4039EC4A-8276-42E1-8944-88AAEB99A88F}.Debug|Any CPU.ActiveCfg = Debug|Any CPU
		{4039EC4A-8276-42E1-8944-88AAEB99A88F}.Debug|Any CPU.Build.0 = Debug|Any CPU
		{4039EC4A-8276-42E1-8944-88AAEB99A88F}.Release|Any CPU.ActiveCfg = Release|Any CPU
		{4039EC4A-8276-42E1-8944-88AAEB99A88F}.Release|Any CPU.Build.0 = Release|Any CPU
		{71678C43-D66A-44F5-A3D5-9ABD18A1F0A1}.Debug|Any CPU.ActiveCfg = Debug|Any CPU
		{71678C43-D66A-44F5-A3D5-9ABD18A1F0A1}.Debug|Any CPU.Build.0 = Debug|Any CPU
		{71678C43-D66A-44F5-A3D5-9ABD18A1F0A1}.Release|Any CPU.ActiveCfg = Release|Any CPU
		{71678C43-D66A-44F5-A3D5-9ABD18A1F0A1}.Release|Any CPU.Build.0 = Release|Any CPU
		{D14CDBC5-F980-4731-B5F7-FECF99CD81EE}.Debug|Any CPU.ActiveCfg = Debug|Any CPU
		{D14CDBC5-F980-4731-B5F7-FECF99CD81EE}.Debug|Any CPU.Build.0 = Debug|Any CPU
		{D14CDBC5-F980-4731-B5F7-FECF99CD81EE}.Release|Any CPU.ActiveCfg = Release|Any CPU
		{D14CDBC5-F980-4731-B5F7-FECF99CD81EE}.Release|Any CPU.Build.0 = Release|Any CPU
		{FD2B58A9-F720-40DE-BDF3-1C5AD69C5E37}.Debug|Any CPU.ActiveCfg = Debug|Any CPU
		{FD2B58A9-F720-40DE-BDF3-1C5AD69C5E37}.Debug|Any CPU.Build.0 = Debug|Any CPU
		{FD2B58A9-F720-40DE-BDF3-1C5AD69C5E37}.Release|Any CPU.ActiveCfg = Release|Any CPU
		{FD2B58A9-F720-40DE-BDF3-1C5AD69C5E37}.Release|Any CPU.Build.0 = Release|Any CPU
	EndGlobalSection
	GlobalSection(SolutionProperties) = preSolution
		HideSolutionNode = FALSE
	EndGlobalSection
EndGlobal
